
Microsoft Visual Studio Solution File, Format Version 12.00
# Visual Studio Version 17
VisualStudioVersion = 17.0.31903.59
MinimumVisualStudioVersion = 10.0.40219.1
Project("{F2A71F9B-5D33-465A-A702-920D77279786}") = "RoslynRunner", "RoslynRunner\RoslynRunner.fsproj", "{504F4169-B41D-431F-B31E-E72E0FE2495C}"
EndProject
Global
	GlobalSection(SolutionConfigurationPlatforms) = preSolution
		Debug|Any CPU = Debug|Any CPU
		Release|Any CPU = Release|Any CPU
	EndGlobalSection
	GlobalSection(ProjectConfigurationPlatforms) = postSolution
		{504F4169-B41D-431F-B31E-E72E0FE2495C}.Debug|Any CPU.ActiveCfg = Debug|Any CPU
		{504F4169-B41D-431F-B31E-E72E0FE2495C}.Debug|Any CPU.Build.0 = Debug|Any CPU
		{504F4169-B41D-431F-B31E-E72E0FE2495C}.Release|Any CPU.ActiveCfg = Release|Any CPU
		{504F4169-B41D-431F-B31E-E72E0FE2495C}.Release|Any CPU.Build.0 = Release|Any CPU
	EndGlobalSection
	GlobalSection(SolutionProperties) = preSolution
		HideSolutionNode = FALSE
	EndGlobalSection
	GlobalSection(ExtensibilityGlobals) = postSolution
		SolutionGuid = {82751B47-E67F-4196-990E-86B4DBF2C3C5}
	EndGlobalSection
EndGlobal
